
Microsoft Visual Studio Solution File, Format Version 12.00
Project("{FAE04EC0-301F-11D3-BF4B-00C04F79EFBC}") = "W5H1Generator", "W5H1Generator\W5H1Generator.csproj", "{28496BDB-EDD8-4519-801D-DFB05918808D}"
EndProject
Global
	GlobalSection(SolutionConfigurationPlatforms) = preSolution
		Debug|Any CPU = Debug|Any CPU
		Release|Any CPU = Release|Any CPU
	EndGlobalSection
	GlobalSection(ProjectConfigurationPlatforms) = postSolution
		{28496BDB-EDD8-4519-801D-DFB05918808D}.Debug|Any CPU.ActiveCfg = Debug|Any CPU
		{28496BDB-EDD8-4519-801D-DFB05918808D}.Debug|Any CPU.Build.0 = Debug|Any CPU
		{28496BDB-EDD8-4519-801D-DFB05918808D}.Release|Any CPU.ActiveCfg = Release|Any CPU
		{28496BDB-EDD8-4519-801D-DFB05918808D}.Release|Any CPU.Build.0 = Release|Any CPU
	EndGlobalSection
EndGlobal
